
Microsoft Visual Studio Solution File, Format Version 12.00
# Visual Studio Version 16
VisualStudioVersion = 16.0.31911.196
MinimumVisualStudioVersion = 10.0.40219.1
Project("{FAE04EC0-301F-11D3-BF4B-00C04F79EFBC}") = "OpenStack-GUI", "OpenStack-GUI\OpenStack-GUI.csproj", "{E73AFEE6-D9AC-4399-B358-98169567D39B}"
EndProject
Global
	GlobalSection(SolutionConfigurationPlatforms) = preSolution
		Debug|Any CPU = Debug|Any CPU
		Release|Any CPU = Release|Any CPU
	EndGlobalSection
	GlobalSection(ProjectConfigurationPlatforms) = postSolution
		{E73AFEE6-D9AC-4399-B358-98169567D39B}.Debug|Any CPU.ActiveCfg = Debug|Any CPU
		{E73AFEE6-D9AC-4399-B358-98169567D39B}.Debug|Any CPU.Build.0 = Debug|Any CPU
		{E73AFEE6-D9AC-4399-B358-98169567D39B}.Release|Any CPU.ActiveCfg = Release|Any CPU
		{E73AFEE6-D9AC-4399-B358-98169567D39B}.Release|Any CPU.Build.0 = Release|Any CPU
	EndGlobalSection
	GlobalSection(SolutionProperties) = preSolution
		HideSolutionNode = FALSE
	EndGlobalSection
	GlobalSection(ExtensibilityGlobals) = postSolution
		SolutionGuid = {B971B365-247D-4C58-8256-54E56528EABA}
	EndGlobalSection
EndGlobal
